
Microsoft Visual Studio Solution File, Format Version 12.00
# Visual Studio 15
Project("{FAE04EC0-301F-11D3-BF4B-00C04F79EFBC}") = "Assembly-CSharp", "Assembly-CSharp.csproj", "{AA22150F-E405-2F79-1E0E-52C8CEF684DA}"
EndProject
Project("{FAE04EC0-301F-11D3-BF4B-00C04F79EFBC}") = "Assembly-CSharp-firstpass", "Assembly-CSharp-firstpass.csproj", "{3468303E-70BD-9FD8-21D2-B687EE8B4DCC}"
EndProject
Project("{FAE04EC0-301F-11D3-BF4B-00C04F79EFBC}") = "Assembly-CSharp-Editor-firstpass", "Assembly-CSharp-Editor-firstpass.csproj", "{AA3640F1-528B-41B4-7A49-7E8D85C13D93}"
EndProject
Global
	GlobalSection(SolutionConfigurationPlatforms) = preSolution
		Debug|Any CPU = Debug|Any CPU
		Release|Any CPU = Release|Any CPU
	EndGlobalSection
	GlobalSection(ProjectConfigurationPlatforms) = postSolution
		{AA22150F-E405-2F79-1E0E-52C8CEF684DA}.Debug|Any CPU.ActiveCfg = Debug|Any CPU
		{AA22150F-E405-2F79-1E0E-52C8CEF684DA}.Debug|Any CPU.Build.0 = Debug|Any CPU
		{AA22150F-E405-2F79-1E0E-52C8CEF684DA}.Release|Any CPU.ActiveCfg = Release|Any CPU
		{AA22150F-E405-2F79-1E0E-52C8CEF684DA}.Release|Any CPU.Build.0 = Release|Any CPU
		{3468303E-70BD-9FD8-21D2-B687EE8B4DCC}.Debug|Any CPU.ActiveCfg = Debug|Any CPU
		{3468303E-70BD-9FD8-21D2-B687EE8B4DCC}.Debug|Any CPU.Build.0 = Debug|Any CPU
		{3468303E-70BD-9FD8-21D2-B687EE8B4DCC}.Release|Any CPU.ActiveCfg = Release|Any CPU
		{3468303E-70BD-9FD8-21D2-B687EE8B4DCC}.Release|Any CPU.Build.0 = Release|Any CPU
		{AA3640F1-528B-41B4-7A49-7E8D85C13D93}.Debug|Any CPU.ActiveCfg = Debug|Any CPU
		{AA3640F1-528B-41B4-7A49-7E8D85C13D93}.Debug|Any CPU.Build.0 = Debug|Any CPU
		{AA3640F1-528B-41B4-7A49-7E8D85C13D93}.Release|Any CPU.ActiveCfg = Release|Any CPU
		{AA3640F1-528B-41B4-7A49-7E8D85C13D93}.Release|Any CPU.Build.0 = Release|Any CPU
	EndGlobalSection
	GlobalSection(SolutionProperties) = preSolution
		HideSolutionNode = FALSE
	EndGlobalSection
EndGlobal
