
Microsoft Visual Studio Solution File, Format Version 12.00
# Visual Studio 15
Project("{FAE04EC0-301F-11D3-BF4B-00C04F79EFBC}") = "Assembly-CSharp", "Assembly-CSharp.csproj", "{CEF5A4DC-4460-CF30-ACA7-00A2CC10B6DA}"
EndProject
Project("{FAE04EC0-301F-11D3-BF4B-00C04F79EFBC}") = "Assembly-CSharp-Editor", "Assembly-CSharp-Editor.csproj", "{8E45BE16-D262-8CD5-179C-250B4E9032B3}"
EndProject
Global
	GlobalSection(SolutionConfigurationPlatforms) = preSolution
		Debug|Any CPU = Debug|Any CPU
		Release|Any CPU = Release|Any CPU
	EndGlobalSection
	GlobalSection(ProjectConfigurationPlatforms) = postSolution
		{CEF5A4DC-4460-CF30-ACA7-00A2CC10B6DA}.Debug|Any CPU.ActiveCfg = Debug|Any CPU
		{CEF5A4DC-4460-CF30-ACA7-00A2CC10B6DA}.Debug|Any CPU.Build.0 = Debug|Any CPU
		{CEF5A4DC-4460-CF30-ACA7-00A2CC10B6DA}.Release|Any CPU.ActiveCfg = Release|Any CPU
		{CEF5A4DC-4460-CF30-ACA7-00A2CC10B6DA}.Release|Any CPU.Build.0 = Release|Any CPU
		{8E45BE16-D262-8CD5-179C-250B4E9032B3}.Debug|Any CPU.ActiveCfg = Debug|Any CPU
		{8E45BE16-D262-8CD5-179C-250B4E9032B3}.Debug|Any CPU.Build.0 = Debug|Any CPU
		{8E45BE16-D262-8CD5-179C-250B4E9032B3}.Release|Any CPU.ActiveCfg = Release|Any CPU
		{8E45BE16-D262-8CD5-179C-250B4E9032B3}.Release|Any CPU.Build.0 = Release|Any CPU
	EndGlobalSection
	GlobalSection(SolutionProperties) = preSolution
		HideSolutionNode = FALSE
	EndGlobalSection
EndGlobal
