
Microsoft Visual Studio Solution File, Format Version 12.00
# Visual Studio 15
Project("{FAE04EC0-301F-11D3-BF4B-00C04F79EFBC}") = "Assembly-CSharp-firstpass", "Assembly-CSharp-firstpass.csproj", "{487ECF36-8F2F-9D05-F234-DC138C185926}"
EndProject
Project("{FAE04EC0-301F-11D3-BF4B-00C04F79EFBC}") = "Assembly-CSharp-Editor", "Assembly-CSharp-Editor.csproj", "{70E380DD-F48A-9B4A-CD5A-7CA4D588C5F9}"
EndProject
Global
	GlobalSection(SolutionConfigurationPlatforms) = preSolution
		Debug|Any CPU = Debug|Any CPU
		Release|Any CPU = Release|Any CPU
	EndGlobalSection
	GlobalSection(ProjectConfigurationPlatforms) = postSolution
		{487ECF36-8F2F-9D05-F234-DC138C185926}.Debug|Any CPU.ActiveCfg = Debug|Any CPU
		{487ECF36-8F2F-9D05-F234-DC138C185926}.Debug|Any CPU.Build.0 = Debug|Any CPU
		{487ECF36-8F2F-9D05-F234-DC138C185926}.Release|Any CPU.ActiveCfg = Release|Any CPU
		{487ECF36-8F2F-9D05-F234-DC138C185926}.Release|Any CPU.Build.0 = Release|Any CPU
		{70E380DD-F48A-9B4A-CD5A-7CA4D588C5F9}.Debug|Any CPU.ActiveCfg = Debug|Any CPU
		{70E380DD-F48A-9B4A-CD5A-7CA4D588C5F9}.Debug|Any CPU.Build.0 = Debug|Any CPU
		{70E380DD-F48A-9B4A-CD5A-7CA4D588C5F9}.Release|Any CPU.ActiveCfg = Release|Any CPU
		{70E380DD-F48A-9B4A-CD5A-7CA4D588C5F9}.Release|Any CPU.Build.0 = Release|Any CPU
	EndGlobalSection
	GlobalSection(SolutionProperties) = preSolution
		HideSolutionNode = FALSE
	EndGlobalSection
EndGlobal
